
Microsoft Visual Studio Solution File, Format Version 12.00
# Visual Studio Version 16
VisualStudioVersion = 16.0.31515.178
MinimumVisualStudioVersion = 10.0.40219.1
Project("{FAE04EC0-301F-11D3-BF4B-00C04F79EFBC}") = "WebAPICore", "WebAPICore.csproj", "{CE9564CD-8EEC-41E8-9231-3ED734EC2F5F}"
EndProject
Project("{FAE04EC0-301F-11D3-BF4B-00C04F79EFBC}") = "EFCore", "..\EFCore\EFCore.csproj", "{BC928EEE-3F48-48F2-B9EE-4E6F2F38D452}"
EndProject
Project("{FAE04EC0-301F-11D3-BF4B-00C04F79EFBC}") = "Services", "..\Services\Services.csproj", "{337F6E3B-6B8D-4CE7-B40D-151390C10868}"
EndProject
Project("{FAE04EC0-301F-11D3-BF4B-00C04F79EFBC}") = "EmailService", "..\EmailService\EmailService.csproj", "{9C7D3A70-C0C4-4130-9AD7-54A3B364D311}"
EndProject
Project("{FAE04EC0-301F-11D3-BF4B-00C04F79EFBC}") = "ResumeService", "..\ResumeService\ResumeService.csproj", "{F73C9822-E779-4011-ABD7-E16328847A2B}"
EndProject
Global
	GlobalSection(SolutionConfigurationPlatforms) = preSolution
		Debug|Any CPU = Debug|Any CPU
		Release|Any CPU = Release|Any CPU
	EndGlobalSection
	GlobalSection(ProjectConfigurationPlatforms) = postSolution
		{CE9564CD-8EEC-41E8-9231-3ED734EC2F5F}.Debug|Any CPU.ActiveCfg = Debug|Any CPU
		{CE9564CD-8EEC-41E8-9231-3ED734EC2F5F}.Debug|Any CPU.Build.0 = Debug|Any CPU
		{CE9564CD-8EEC-41E8-9231-3ED734EC2F5F}.Release|Any CPU.ActiveCfg = Release|Any CPU
		{CE9564CD-8EEC-41E8-9231-3ED734EC2F5F}.Release|Any CPU.Build.0 = Release|Any CPU
		{BC928EEE-3F48-48F2-B9EE-4E6F2F38D452}.Debug|Any CPU.ActiveCfg = Debug|Any CPU
		{BC928EEE-3F48-48F2-B9EE-4E6F2F38D452}.Debug|Any CPU.Build.0 = Debug|Any CPU
		{BC928EEE-3F48-48F2-B9EE-4E6F2F38D452}.Release|Any CPU.ActiveCfg = Release|Any CPU
		{BC928EEE-3F48-48F2-B9EE-4E6F2F38D452}.Release|Any CPU.Build.0 = Release|Any CPU
		{337F6E3B-6B8D-4CE7-B40D-151390C10868}.Debug|Any CPU.ActiveCfg = Debug|Any CPU
		{337F6E3B-6B8D-4CE7-B40D-151390C10868}.Debug|Any CPU.Build.0 = Debug|Any CPU
		{337F6E3B-6B8D-4CE7-B40D-151390C10868}.Release|Any CPU.ActiveCfg = Release|Any CPU
		{337F6E3B-6B8D-4CE7-B40D-151390C10868}.Release|Any CPU.Build.0 = Release|Any CPU
		{9C7D3A70-C0C4-4130-9AD7-54A3B364D311}.Debug|Any CPU.ActiveCfg = Debug|Any CPU
		{9C7D3A70-C0C4-4130-9AD7-54A3B364D311}.Debug|Any CPU.Build.0 = Debug|Any CPU
		{9C7D3A70-C0C4-4130-9AD7-54A3B364D311}.Release|Any CPU.ActiveCfg = Release|Any CPU
		{9C7D3A70-C0C4-4130-9AD7-54A3B364D311}.Release|Any CPU.Build.0 = Release|Any CPU
		{F73C9822-E779-4011-ABD7-E16328847A2B}.Debug|Any CPU.ActiveCfg = Debug|Any CPU
		{F73C9822-E779-4011-ABD7-E16328847A2B}.Debug|Any CPU.Build.0 = Debug|Any CPU
		{F73C9822-E779-4011-ABD7-E16328847A2B}.Release|Any CPU.ActiveCfg = Release|Any CPU
		{F73C9822-E779-4011-ABD7-E16328847A2B}.Release|Any CPU.Build.0 = Release|Any CPU
	EndGlobalSection
	GlobalSection(SolutionProperties) = preSolution
		HideSolutionNode = FALSE
	EndGlobalSection
	GlobalSection(ExtensibilityGlobals) = postSolution
		SolutionGuid = {91BE2942-2A59-4CCE-81EE-F626000EFB70}
	EndGlobalSection
EndGlobal
